
Microsoft Visual Studio Solution File, Format Version 12.00
# Visual Studio 15
VisualStudioVersion = 15.0.27004.2005
MinimumVisualStudioVersion = 10.0.40219.1
Project("{FAE04EC0-301F-11D3-BF4B-00C04F79EFBC}") = "MandMCounter.Core", "MandMCounter.Core\MandMCounter.Core.csproj", "{265FB823-9182-4FA0-8044-5FB9FB29D41D}"
EndProject
Project("{FAE04EC0-301F-11D3-BF4B-00C04F79EFBC}") = "MandMCounter.Tests", "MandMCounter.Tests\MandMCounter.Tests.csproj", "{3A220963-317A-44A4-9A42-AA23E425545A}"
EndProject
Global
	GlobalSection(SolutionConfigurationPlatforms) = preSolution
		Debug|Any CPU = Debug|Any CPU
		Release|Any CPU = Release|Any CPU
	EndGlobalSection
	GlobalSection(ProjectConfigurationPlatforms) = postSolution
		{265FB823-9182-4FA0-8044-5FB9FB29D41D}.Debug|Any CPU.ActiveCfg = Debug|Any CPU
		{265FB823-9182-4FA0-8044-5FB9FB29D41D}.Debug|Any CPU.Build.0 = Debug|Any CPU
		{265FB823-9182-4FA0-8044-5FB9FB29D41D}.Release|Any CPU.ActiveCfg = Release|Any CPU
		{265FB823-9182-4FA0-8044-5FB9FB29D41D}.Release|Any CPU.Build.0 = Release|Any CPU
		{3A220963-317A-44A4-9A42-AA23E425545A}.Debug|Any CPU.ActiveCfg = Debug|Any CPU
		{3A220963-317A-44A4-9A42-AA23E425545A}.Debug|Any CPU.Build.0 = Debug|Any CPU
		{3A220963-317A-44A4-9A42-AA23E425545A}.Release|Any CPU.ActiveCfg = Release|Any CPU
		{3A220963-317A-44A4-9A42-AA23E425545A}.Release|Any CPU.Build.0 = Release|Any CPU
	EndGlobalSection
	GlobalSection(SolutionProperties) = preSolution
		HideSolutionNode = FALSE
	EndGlobalSection
	GlobalSection(ExtensibilityGlobals) = postSolution
		SolutionGuid = {A83523D0-3C27-470E-A4C9-67C0DFC74387}
	EndGlobalSection
EndGlobal
